
Microsoft Visual Studio Solution File, Format Version 12.00
# Visual Studio 2012
Project("{FAE04EC0-301F-11D3-BF4B-00C04F79EFBC}") = "Timers", "Timers\Timers.csproj", "{35CD5A0B-A6AE-422E-898D-05450D750670}"
EndProject
Global
	GlobalSection(SolutionConfigurationPlatforms) = preSolution
		Debug|Any CPU = Debug|Any CPU
		Release|Any CPU = Release|Any CPU
	EndGlobalSection
	GlobalSection(ProjectConfigurationPlatforms) = postSolution
		{35CD5A0B-A6AE-422E-898D-05450D750670}.Debug|Any CPU.ActiveCfg = Debug|Any CPU
		{35CD5A0B-A6AE-422E-898D-05450D750670}.Debug|Any CPU.Build.0 = Debug|Any CPU
		{35CD5A0B-A6AE-422E-898D-05450D750670}.Release|Any CPU.ActiveCfg = Release|Any CPU
		{35CD5A0B-A6AE-422E-898D-05450D750670}.Release|Any CPU.Build.0 = Release|Any CPU
	EndGlobalSection
	GlobalSection(SolutionProperties) = preSolution
		HideSolutionNode = FALSE
	EndGlobalSection
EndGlobal
